
Microsoft Visual Studio Solution File, Format Version 12.00
# Visual Studio 15
Project("{FAE04EC0-301F-11D3-BF4B-00C04F79EFBC}") = "Mirror", "Mirror.csproj", "{8E26CF59-CBBC-1FF0-E167-5BAFB068772B}"
EndProject
Project("{FAE04EC0-301F-11D3-BF4B-00C04F79EFBC}") = "Mirror.Components", "Mirror.Components.csproj", "{B5831F16-1A8E-368E-B3DD-E82E7F602337}"
EndProject
Project("{FAE04EC0-301F-11D3-BF4B-00C04F79EFBC}") = "SimpleWebTransport", "SimpleWebTransport.csproj", "{BA98547F-7087-48DA-AB59-64DAB2ABCFA1}"
EndProject
Project("{FAE04EC0-301F-11D3-BF4B-00C04F79EFBC}") = "Mirror.Examples", "Mirror.Examples.csproj", "{2A20A30F-199D-1106-E00E-742CBFE9EC68}"
EndProject
Project("{FAE04EC0-301F-11D3-BF4B-00C04F79EFBC}") = "Assembly-CSharp", "Assembly-CSharp.csproj", "{D5450579-07D3-F379-1CC4-4E3167413D95}"
EndProject
Project("{FAE04EC0-301F-11D3-BF4B-00C04F79EFBC}") = "kcp2k", "kcp2k.csproj", "{F5AC9CBF-AF47-F20D-668F-59714208EA41}"
EndProject
Project("{FAE04EC0-301F-11D3-BF4B-00C04F79EFBC}") = "Telepathy", "Telepathy.csproj", "{E66D82B0-7A58-12BE-70BD-0CBAD5B73F65}"
EndProject
Project("{FAE04EC0-301F-11D3-BF4B-00C04F79EFBC}") = "Mirror.Authenticators", "Mirror.Authenticators.csproj", "{BBF70997-489D-97FE-1A1E-E9A1BBF2E626}"
EndProject
Project("{FAE04EC0-301F-11D3-BF4B-00C04F79EFBC}") = "where-allocations", "where-allocations.csproj", "{25A5574C-958A-324A-F0D3-FF7E2546A34E}"
EndProject
Project("{FAE04EC0-301F-11D3-BF4B-00C04F79EFBC}") = "Unity.Mirror.CodeGen", "Unity.Mirror.CodeGen.csproj", "{77B0A67B-2D2F-6FC4-E74B-503D9CA355CE}"
EndProject
Project("{FAE04EC0-301F-11D3-BF4B-00C04F79EFBC}") = "Mirror.Editor", "Mirror.Editor.csproj", "{07BA7AF1-6948-050F-EECB-3A2FEE13D7D0}"
EndProject
Project("{FAE04EC0-301F-11D3-BF4B-00C04F79EFBC}") = "Mirror.CompilerSymbols", "Mirror.CompilerSymbols.csproj", "{FC967938-E2A7-BFA2-0725-443273D492B8}"
EndProject
Global
	GlobalSection(SolutionConfigurationPlatforms) = preSolution
		Debug|Any CPU = Debug|Any CPU
		Release|Any CPU = Release|Any CPU
	EndGlobalSection
	GlobalSection(ProjectConfigurationPlatforms) = postSolution
		{8E26CF59-CBBC-1FF0-E167-5BAFB068772B}.Debug|Any CPU.ActiveCfg = Debug|Any CPU
		{8E26CF59-CBBC-1FF0-E167-5BAFB068772B}.Debug|Any CPU.Build.0 = Debug|Any CPU
		{8E26CF59-CBBC-1FF0-E167-5BAFB068772B}.Release|Any CPU.ActiveCfg = Release|Any CPU
		{8E26CF59-CBBC-1FF0-E167-5BAFB068772B}.Release|Any CPU.Build.0 = Release|Any CPU
		{B5831F16-1A8E-368E-B3DD-E82E7F602337}.Debug|Any CPU.ActiveCfg = Debug|Any CPU
		{B5831F16-1A8E-368E-B3DD-E82E7F602337}.Debug|Any CPU.Build.0 = Debug|Any CPU
		{B5831F16-1A8E-368E-B3DD-E82E7F602337}.Release|Any CPU.ActiveCfg = Release|Any CPU
		{B5831F16-1A8E-368E-B3DD-E82E7F602337}.Release|Any CPU.Build.0 = Release|Any CPU
		{BA98547F-7087-48DA-AB59-64DAB2ABCFA1}.Debug|Any CPU.ActiveCfg = Debug|Any CPU
		{BA98547F-7087-48DA-AB59-64DAB2ABCFA1}.Debug|Any CPU.Build.0 = Debug|Any CPU
		{BA98547F-7087-48DA-AB59-64DAB2ABCFA1}.Release|Any CPU.ActiveCfg = Release|Any CPU
		{BA98547F-7087-48DA-AB59-64DAB2ABCFA1}.Release|Any CPU.Build.0 = Release|Any CPU
		{2A20A30F-199D-1106-E00E-742CBFE9EC68}.Debug|Any CPU.ActiveCfg = Debug|Any CPU
		{2A20A30F-199D-1106-E00E-742CBFE9EC68}.Debug|Any CPU.Build.0 = Debug|Any CPU
		{2A20A30F-199D-1106-E00E-742CBFE9EC68}.Release|Any CPU.ActiveCfg = Release|Any CPU
		{2A20A30F-199D-1106-E00E-742CBFE9EC68}.Release|Any CPU.Build.0 = Release|Any CPU
		{D5450579-07D3-F379-1CC4-4E3167413D95}.Debug|Any CPU.ActiveCfg = Debug|Any CPU
		{D5450579-07D3-F379-1CC4-4E3167413D95}.Debug|Any CPU.Build.0 = Debug|Any CPU
		{D5450579-07D3-F379-1CC4-4E3167413D95}.Release|Any CPU.ActiveCfg = Release|Any CPU
		{D5450579-07D3-F379-1CC4-4E3167413D95}.Release|Any CPU.Build.0 = Release|Any CPU
		{F5AC9CBF-AF47-F20D-668F-59714208EA41}.Debug|Any CPU.ActiveCfg = Debug|Any CPU
		{F5AC9CBF-AF47-F20D-668F-59714208EA41}.Debug|Any CPU.Build.0 = Debug|Any CPU
		{F5AC9CBF-AF47-F20D-668F-59714208EA41}.Release|Any CPU.ActiveCfg = Release|Any CPU
		{F5AC9CBF-AF47-F20D-668F-59714208EA41}.Release|Any CPU.Build.0 = Release|Any CPU
		{E66D82B0-7A58-12BE-70BD-0CBAD5B73F65}.Debug|Any CPU.ActiveCfg = Debug|Any CPU
		{E66D82B0-7A58-12BE-70BD-0CBAD5B73F65}.Debug|Any CPU.Build.0 = Debug|Any CPU
		{E66D82B0-7A58-12BE-70BD-0CBAD5B73F65}.Release|Any CPU.ActiveCfg = Release|Any CPU
		{E66D82B0-7A58-12BE-70BD-0CBAD5B73F65}.Release|Any CPU.Build.0 = Release|Any CPU
		{BBF70997-489D-97FE-1A1E-E9A1BBF2E626}.Debug|Any CPU.ActiveCfg = Debug|Any CPU
		{BBF70997-489D-97FE-1A1E-E9A1BBF2E626}.Debug|Any CPU.Build.0 = Debug|Any CPU
		{BBF70997-489D-97FE-1A1E-E9A1BBF2E626}.Release|Any CPU.ActiveCfg = Release|Any CPU
		{BBF70997-489D-97FE-1A1E-E9A1BBF2E626}.Release|Any CPU.Build.0 = Release|Any CPU
		{25A5574C-958A-324A-F0D3-FF7E2546A34E}.Debug|Any CPU.ActiveCfg = Debug|Any CPU
		{25A5574C-958A-324A-F0D3-FF7E2546A34E}.Debug|Any CPU.Build.0 = Debug|Any CPU
		{25A5574C-958A-324A-F0D3-FF7E2546A34E}.Release|Any CPU.ActiveCfg = Release|Any CPU
		{25A5574C-958A-324A-F0D3-FF7E2546A34E}.Release|Any CPU.Build.0 = Release|Any CPU
		{77B0A67B-2D2F-6FC4-E74B-503D9CA355CE}.Debug|Any CPU.ActiveCfg = Debug|Any CPU
		{77B0A67B-2D2F-6FC4-E74B-503D9CA355CE}.Debug|Any CPU.Build.0 = Debug|Any CPU
		{77B0A67B-2D2F-6FC4-E74B-503D9CA355CE}.Release|Any CPU.ActiveCfg = Release|Any CPU
		{77B0A67B-2D2F-6FC4-E74B-503D9CA355CE}.Release|Any CPU.Build.0 = Release|Any CPU
		{07BA7AF1-6948-050F-EECB-3A2FEE13D7D0}.Debug|Any CPU.ActiveCfg = Debug|Any CPU
		{07BA7AF1-6948-050F-EECB-3A2FEE13D7D0}.Debug|Any CPU.Build.0 = Debug|Any CPU
		{07BA7AF1-6948-050F-EECB-3A2FEE13D7D0}.Release|Any CPU.ActiveCfg = Release|Any CPU
		{07BA7AF1-6948-050F-EECB-3A2FEE13D7D0}.Release|Any CPU.Build.0 = Release|Any CPU
		{FC967938-E2A7-BFA2-0725-443273D492B8}.Debug|Any CPU.ActiveCfg = Debug|Any CPU
		{FC967938-E2A7-BFA2-0725-443273D492B8}.Debug|Any CPU.Build.0 = Debug|Any CPU
		{FC967938-E2A7-BFA2-0725-443273D492B8}.Release|Any CPU.ActiveCfg = Release|Any CPU
		{FC967938-E2A7-BFA2-0725-443273D492B8}.Release|Any CPU.Build.0 = Release|Any CPU
	EndGlobalSection
	GlobalSection(SolutionProperties) = preSolution
		HideSolutionNode = FALSE
	EndGlobalSection
EndGlobal
